// !$*UTF8*$!
{
	archiveVersion = 1;
	classes = {
	};
	objectVersion = 46;
	objects = {

/* Begin PBXBuildFile section */
		3730F5DD1F00F326000E11DC /* ReadMe.md in Sources */ = {isa = PBXBuildFile; fileRef = 3730F5B81F00F326000E11DC /* ReadMe.md */; };
		3730F5DE1F00F326000E11DC /* RecordManager.cpp in Sources */ = {isa = PBXBuildFile; fileRef = 3730F5B91F00F326000E11DC /* RecordManager.cpp */; };
		3730F5DF1F00F326000E11DC /* main.cpp in Sources */ = {isa = PBXBuildFile; fileRef = 3730F5BD1F00F326000E11DC /* main.cpp */; };
		3730F5E01F00F326000E11DC /* API.cpp in Sources */ = {isa = PBXBuildFile; fileRef = 3730F5BF1F00F326000E11DC /* API.cpp */; };
		3730F5E11F00F326000E11DC /* Interpreter.cpp in Sources */ = {isa = PBXBuildFile; fileRef = 3730F5C11F00F326000E11DC /* Interpreter.cpp */; };
		3730F5E21F00F326000E11DC /* lex.yy.c in Sources */ = {isa = PBXBuildFile; fileRef = 3730F5C31F00F326000E11DC /* lex.yy.c */; };
		3730F5E31F00F326000E11DC /* main.cpp in Sources */ = {isa = PBXBuildFile; fileRef = 3730F5C51F00F326000E11DC /* main.cpp */; };
		3730F5E41F00F326000E11DC /* Makefile in Sources */ = {isa = PBXBuildFile; fileRef = 3730F5C61F00F326000E11DC /* Makefile */; };
		3730F5E51F00F326000E11DC /* sql.l in Sources */ = {isa = PBXBuildFile; fileRef = 3730F5C71F00F326000E11DC /* sql.l */; };
		3730F5E61F00F326000E11DC /* sql.tab.c in Sources */ = {isa = PBXBuildFile; fileRef = 3730F5C91F00F326000E11DC /* sql.tab.c */; };
		3730F5E71F00F326000E11DC /* sql.y in Sources */ = {isa = PBXBuildFile; fileRef = 3730F5CB1F00F326000E11DC /* sql.y */; };
		3730F5E81F00F326000E11DC /* IndexManager.cpp in Sources */ = {isa = PBXBuildFile; fileRef = 3730F5CF1F00F326000E11DC /* IndexManager.cpp */; };
		3730F5E91F00F326000E11DC /* CatalogManager.cpp in Sources */ = {isa = PBXBuildFile; fileRef = 3730F5D31F00F326000E11DC /* CatalogManager.cpp */; };
		3730F5EA1F00F326000E11DC /* BufferManager.cpp in Sources */ = {isa = PBXBuildFile; fileRef = 3730F5D81F00F326000E11DC /* BufferManager.cpp */; };
		3730F5EB1F00F326000E11DC /* BufferUnit.cpp in Sources */ = {isa = PBXBuildFile; fileRef = 3730F5DA1F00F326000E11DC /* BufferUnit.cpp */; };
		3730F5EC1F00F326000E11DC /* ReadMe.md in Sources */ = {isa = PBXBuildFile; fileRef = 3730F5DC1F00F326000E11DC /* ReadMe.md */; };
		37E8D1C11ED0355F004E36B9 /* main.cpp in Sources */ = {isa = PBXBuildFile; fileRef = 37E8D1C01ED0355F004E36B9 /* main.cpp */; };
/* End PBXBuildFile section */

/* Begin PBXCopyFilesBuildPhase section */
		37E8D1BB1ED0355F004E36B9 /* CopyFiles */ = {
			isa = PBXCopyFilesBuildPhase;
			buildActionMask = 2147483647;
			dstPath = /usr/share/man/man1/;
			dstSubfolderSpec = 0;
			files = (
			);
			runOnlyForDeploymentPostprocessing = 1;
		};
/* End PBXCopyFilesBuildPhase section */

/* Begin PBXFileReference section */
		3730F5B81F00F326000E11DC /* ReadMe.md */ = {isa = PBXFileReference; fileEncoding = 4; lastKnownFileType = net.daringfireball.markdown; path = ReadMe.md; sourceTree = "<group>"; };
		3730F5B91F00F326000E11DC /* RecordManager.cpp */ = {isa = PBXFileReference; fileEncoding = 4; lastKnownFileType = sourcecode.cpp.cpp; path = RecordManager.cpp; sourceTree = "<group>"; };
		3730F5BA1F00F326000E11DC /* RecordManager.h */ = {isa = PBXFileReference; fileEncoding = 4; lastKnownFileType = sourcecode.c.h; path = RecordManager.h; sourceTree = "<group>"; };
		3730F5BB1F00F326000E11DC /* TableStruct.h */ = {isa = PBXFileReference; fileEncoding = 4; lastKnownFileType = sourcecode.c.h; path = TableStruct.h; sourceTree = "<group>"; };
		3730F5BD1F00F326000E11DC /* main.cpp */ = {isa = PBXFileReference; fileEncoding = 4; lastKnownFileType = sourcecode.cpp.cpp; path = main.cpp; sourceTree = "<group>"; };
		3730F5BF1F00F326000E11DC /* API.cpp */ = {isa = PBXFileReference; fileEncoding = 4; lastKnownFileType = sourcecode.cpp.cpp; path = API.cpp; sourceTree = "<group>"; };
		3730F5C01F00F326000E11DC /* API.hpp */ = {isa = PBXFileReference; fileEncoding = 4; lastKnownFileType = sourcecode.cpp.h; path = API.hpp; sourceTree = "<group>"; };
		3730F5C11F00F326000E11DC /* Interpreter.cpp */ = {isa = PBXFileReference; fileEncoding = 4; lastKnownFileType = sourcecode.cpp.cpp; path = Interpreter.cpp; sourceTree = "<group>"; };
		3730F5C21F00F326000E11DC /* Interpreter.hpp */ = {isa = PBXFileReference; fileEncoding = 4; lastKnownFileType = sourcecode.cpp.h; path = Interpreter.hpp; sourceTree = "<group>"; };
		3730F5C31F00F326000E11DC /* lex.yy.c */ = {isa = PBXFileReference; fileEncoding = 4; lastKnownFileType = sourcecode.c.c; path = lex.yy.c; sourceTree = "<group>"; };
		3730F5C41F00F326000E11DC /* lex.yy.h */ = {isa = PBXFileReference; fileEncoding = 4; lastKnownFileType = sourcecode.c.h; path = lex.yy.h; sourceTree = "<group>"; };
		3730F5C51F00F326000E11DC /* main.cpp */ = {isa = PBXFileReference; fileEncoding = 4; lastKnownFileType = sourcecode.cpp.cpp; path = main.cpp; sourceTree = "<group>"; };
		3730F5C61F00F326000E11DC /* Makefile */ = {isa = PBXFileReference; fileEncoding = 4; lastKnownFileType = sourcecode.make; path = Makefile; sourceTree = "<group>"; };
		3730F5C71F00F326000E11DC /* sql.l */ = {isa = PBXFileReference; fileEncoding = 4; lastKnownFileType = sourcecode.lex; path = sql.l; sourceTree = "<group>"; };
		3730F5C81F00F326000E11DC /* sql.output */ = {isa = PBXFileReference; fileEncoding = 4; lastKnownFileType = text; path = sql.output; sourceTree = "<group>"; };
		3730F5C91F00F326000E11DC /* sql.tab.c */ = {isa = PBXFileReference; fileEncoding = 4; lastKnownFileType = sourcecode.c.c; path = sql.tab.c; sourceTree = "<group>"; };
		3730F5CA1F00F326000E11DC /* sql.tab.h */ = {isa = PBXFileReference; fileEncoding = 4; lastKnownFileType = sourcecode.c.h; path = sql.tab.h; sourceTree = "<group>"; };
		3730F5CB1F00F326000E11DC /* sql.y */ = {isa = PBXFileReference; fileEncoding = 4; lastKnownFileType = sourcecode.yacc; path = sql.y; sourceTree = "<group>"; };
		3730F5CC1F00F326000E11DC /* t.sql */ = {isa = PBXFileReference; fileEncoding = 4; lastKnownFileType = text; path = t.sql; sourceTree = "<group>"; };
		3730F5CE1F00F326000E11DC /* BPlusTree.h */ = {isa = PBXFileReference; fileEncoding = 4; lastKnownFileType = sourcecode.c.h; path = BPlusTree.h; sourceTree = "<group>"; };
		3730F5CF1F00F326000E11DC /* IndexManager.cpp */ = {isa = PBXFileReference; fileEncoding = 4; lastKnownFileType = sourcecode.cpp.cpp; path = IndexManager.cpp; sourceTree = "<group>"; };
		3730F5D01F00F326000E11DC /* IndexManager.h */ = {isa = PBXFileReference; fileEncoding = 4; lastKnownFileType = sourcecode.c.h; path = IndexManager.h; sourceTree = "<group>"; };
		3730F5D11F00F326000E11DC /* TypeInfo.h */ = {isa = PBXFileReference; fileEncoding = 4; lastKnownFileType = sourcecode.c.h; path = TypeInfo.h; sourceTree = "<group>"; };
		3730F5D31F00F326000E11DC /* CatalogManager.cpp */ = {isa = PBXFileReference; fileEncoding = 4; lastKnownFileType = sourcecode.cpp.cpp; path = CatalogManager.cpp; sourceTree = "<group>"; };
		3730F5D41F00F326000E11DC /* CatalogManager.h */ = {isa = PBXFileReference; fileEncoding = 4; lastKnownFileType = sourcecode.c.h; path = CatalogManager.h; sourceTree = "<group>"; };
		3730F5D51F00F326000E11DC /* CharStream.h */ = {isa = PBXFileReference; fileEncoding = 4; lastKnownFileType = sourcecode.c.h; path = CharStream.h; sourceTree = "<group>"; };
		3730F5D71F00F326000E11DC /* BufferDataBlock.h */ = {isa = PBXFileReference; fileEncoding = 4; lastKnownFileType = sourcecode.c.h; path = BufferDataBlock.h; sourceTree = "<group>"; };
		3730F5D81F00F326000E11DC /* BufferManager.cpp */ = {isa = PBXFileReference; fileEncoding = 4; lastKnownFileType = sourcecode.cpp.cpp; path = BufferManager.cpp; sourceTree = "<group>"; };
		3730F5D91F00F326000E11DC /* BufferManager.h */ = {isa = PBXFileReference; fileEncoding = 4; lastKnownFileType = sourcecode.c.h; path = BufferManager.h; sourceTree = "<group>"; };
		3730F5DA1F00F326000E11DC /* BufferUnit.cpp */ = {isa = PBXFileReference; fileEncoding = 4; lastKnownFileType = sourcecode.cpp.cpp; path = BufferUnit.cpp; sourceTree = "<group>"; };
		3730F5DB1F00F326000E11DC /* BufferUnit.h */ = {isa = PBXFileReference; fileEncoding = 4; lastKnownFileType = sourcecode.c.h; path = BufferUnit.h; sourceTree = "<group>"; };
		3730F5DC1F00F326000E11DC /* ReadMe.md */ = {isa = PBXFileReference; fileEncoding = 4; lastKnownFileType = net.daringfireball.markdown; path = ReadMe.md; sourceTree = "<group>"; };
		37E8D1BD1ED0355F004E36B9 /* MiniSQL */ = {isa = PBXFileReference; explicitFileType = "compiled.mach-o.executable"; includeInIndex = 0; path = MiniSQL; sourceTree = BUILT_PRODUCTS_DIR; };
		37E8D1C01ED0355F004E36B9 /* main.cpp */ = {isa = PBXFileReference; lastKnownFileType = sourcecode.cpp.cpp; path = main.cpp; sourceTree = "<group>"; };
/* End PBXFileReference section */

/* Begin PBXFrameworksBuildPhase section */
		37E8D1BA1ED0355F004E36B9 /* Frameworks */ = {
			isa = PBXFrameworksBuildPhase;
			buildActionMask = 2147483647;
			files = (
			);
			runOnlyForDeploymentPostprocessing = 0;
		};
/* End PBXFrameworksBuildPhase section */

/* Begin PBXGroup section */
		3730F5B71F00F326000E11DC /* RecordManager */ = {
			isa = PBXGroup;
			children = (
				3730F5B81F00F326000E11DC /* ReadMe.md */,
				3730F5B91F00F326000E11DC /* RecordManager.cpp */,
				3730F5BA1F00F326000E11DC /* RecordManager.h */,
				3730F5BB1F00F326000E11DC /* TableStruct.h */,
			);
			path = RecordManager;
			sourceTree = "<group>";
		};
		3730F5BC1F00F326000E11DC /* MiniSQL */ = {
			isa = PBXGroup;
			children = (
				3730F5BD1F00F326000E11DC /* main.cpp */,
			);
			path = MiniSQL;
			sourceTree = "<group>";
		};
		3730F5BE1F00F326000E11DC /* Interpreter */ = {
			isa = PBXGroup;
			children = (
				3730F5BF1F00F326000E11DC /* API.cpp */,
				3730F5C01F00F326000E11DC /* API.hpp */,
				3730F5C11F00F326000E11DC /* Interpreter.cpp */,
				3730F5C21F00F326000E11DC /* Interpreter.hpp */,
				3730F5C31F00F326000E11DC /* lex.yy.c */,
				3730F5C41F00F326000E11DC /* lex.yy.h */,
				3730F5C51F00F326000E11DC /* main.cpp */,
				3730F5C61F00F326000E11DC /* Makefile */,
				3730F5C71F00F326000E11DC /* sql.l */,
				3730F5C81F00F326000E11DC /* sql.output */,
				3730F5C91F00F326000E11DC /* sql.tab.c */,
				3730F5CA1F00F326000E11DC /* sql.tab.h */,
				3730F5CB1F00F326000E11DC /* sql.y */,
				3730F5CC1F00F326000E11DC /* t.sql */,
			);
			path = Interpreter;
			sourceTree = "<group>";
		};
		3730F5CD1F00F326000E11DC /* IndexManager */ = {
			isa = PBXGroup;
			children = (
				3730F5CE1F00F326000E11DC /* BPlusTree.h */,
				3730F5CF1F00F326000E11DC /* IndexManager.cpp */,
				3730F5D01F00F326000E11DC /* IndexManager.h */,
				3730F5D11F00F326000E11DC /* TypeInfo.h */,
			);
			path = IndexManager;
			sourceTree = "<group>";
		};
		3730F5D21F00F326000E11DC /* CatalogManager */ = {
			isa = PBXGroup;
			children = (
				3730F5D31F00F326000E11DC /* CatalogManager.cpp */,
				3730F5D41F00F326000E11DC /* CatalogManager.h */,
				3730F5D51F00F326000E11DC /* CharStream.h */,
			);
			path = CatalogManager;
			sourceTree = "<group>";
		};
		3730F5D61F00F326000E11DC /* BufferManager */ = {
			isa = PBXGroup;
			children = (
				3730F5D71F00F326000E11DC /* BufferDataBlock.h */,
				3730F5D81F00F326000E11DC /* BufferManager.cpp */,
				3730F5D91F00F326000E11DC /* BufferManager.h */,
				3730F5DA1F00F326000E11DC /* BufferUnit.cpp */,
				3730F5DB1F00F326000E11DC /* BufferUnit.h */,
				3730F5DC1F00F326000E11DC /* ReadMe.md */,
			);
			path = BufferManager;
			sourceTree = "<group>";
		};
		37E8D1B41ED0355F004E36B9 = {
			isa = PBXGroup;
			children = (
				3730F5B71F00F326000E11DC /* RecordManager */,
				3730F5BC1F00F326000E11DC /* MiniSQL */,
				3730F5BE1F00F326000E11DC /* Interpreter */,
				3730F5CD1F00F326000E11DC /* IndexManager */,
				3730F5D21F00F326000E11DC /* CatalogManager */,
				3730F5D61F00F326000E11DC /* BufferManager */,
				37E8D1BF1ED0355F004E36B9 /* MiniSQL */,
				37E8D1BE1ED0355F004E36B9 /* Products */,
			);
			sourceTree = "<group>";
		};
		37E8D1BE1ED0355F004E36B9 /* Products */ = {
			isa = PBXGroup;
			children = (
				37E8D1BD1ED0355F004E36B9 /* MiniSQL */,
			);
			name = Products;
			sourceTree = "<group>";
		};
		37E8D1BF1ED0355F004E36B9 /* MiniSQL */ = {
			isa = PBXGroup;
			children = (
				37E8D1C01ED0355F004E36B9 /* main.cpp */,
			);
			path = MiniSQL;
			sourceTree = "<group>";
		};
/* End PBXGroup section */

/* Begin PBXNativeTarget section */
		37E8D1BC1ED0355F004E36B9 /* MiniSQL */ = {
			isa = PBXNativeTarget;
			buildConfigurationList = 37E8D1C41ED0355F004E36B9 /* Build configuration list for PBXNativeTarget "MiniSQL" */;
			buildPhases = (
				37E8D1B91ED0355F004E36B9 /* Sources */,
				37E8D1BA1ED0355F004E36B9 /* Frameworks */,
				37E8D1BB1ED0355F004E36B9 /* CopyFiles */,
			);
			buildRules = (
			);
			dependencies = (
			);
			name = MiniSQL;
			productName = MiniSQL;
			productReference = 37E8D1BD1ED0355F004E36B9 /* MiniSQL */;
			productType = "com.apple.product-type.tool";
		};
/* End PBXNativeTarget section */

/* Begin PBXProject section */
		37E8D1B51ED0355F004E36B9 /* Project object */ = {
			isa = PBXProject;
			attributes = {
				LastUpgradeCheck = 0830;
				ORGANIZATIONNAME = Clapeysron;
				TargetAttributes = {
					37E8D1BC1ED0355F004E36B9 = {
						CreatedOnToolsVersion = 8.3.2;
						ProvisioningStyle = Automatic;
					};
				};
			};
			buildConfigurationList = 37E8D1B81ED0355F004E36B9 /* Build configuration list for PBXProject "MiniSQL" */;
			compatibilityVersion = "Xcode 3.2";
			developmentRegion = English;
			hasScannedForEncodings = 0;
			knownRegions = (
				en,
			);
			mainGroup = 37E8D1B41ED0355F004E36B9;
			productRefGroup = 37E8D1BE1ED0355F004E36B9 /* Products */;
			projectDirPath = "";
			projectRoot = "";
			targets = (
				37E8D1BC1ED0355F004E36B9 /* MiniSQL */,
			);
		};
/* End PBXProject section */

/* Begin PBXSourcesBuildPhase section */
		37E8D1B91ED0355F004E36B9 /* Sources */ = {
			isa = PBXSourcesBuildPhase;
			buildActionMask = 2147483647;
			files = (
				3730F5E71F00F326000E11DC /* sql.y in Sources */,
				3730F5E41F00F326000E11DC /* Makefile in Sources */,
				3730F5DE1F00F326000E11DC /* RecordManager.cpp in Sources */,
				3730F5DD1F00F326000E11DC /* ReadMe.md in Sources */,
				3730F5E51F00F326000E11DC /* sql.l in Sources */,
				3730F5E91F00F326000E11DC /* CatalogManager.cpp in Sources */,
				3730F5EA1F00F326000E11DC /* BufferManager.cpp in Sources */,
				3730F5E11F00F326000E11DC /* Interpreter.cpp in Sources */,
				3730F5E01F00F326000E11DC /* API.cpp in Sources */,
				3730F5EB1F00F326000E11DC /* BufferUnit.cpp in Sources */,
				3730F5DF1F00F326000E11DC /* main.cpp in Sources */,
				3730F5EC1F00F326000E11DC /* ReadMe.md in Sources */,
				3730F5E61F00F326000E11DC /* sql.tab.c in Sources */,
				3730F5E81F00F326000E11DC /* IndexManager.cpp in Sources */,
				37E8D1C11ED0355F004E36B9 /* main.cpp in Sources */,
				3730F5E31F00F326000E11DC /* main.cpp in Sources */,
				3730F5E21F00F326000E11DC /* lex.yy.c in Sources */,
			);
			runOnlyForDeploymentPostprocessing = 0;
		};
/* End PBXSourcesBuildPhase section */

/* Begin XCBuildConfiguration section */
		37E8D1C21ED0355F004E36B9 /* Debug */ = {
			isa = XCBuildConfiguration;
			buildSettings = {
				ALWAYS_SEARCH_USER_PATHS = NO;
				CLANG_ANALYZER_NONNULL = YES;
				CLANG_ANALYZER_NUMBER_OBJECT_CONVERSION = YES_AGGRESSIVE;
				CLANG_CXX_LANGUAGE_STANDARD = "gnu++0x";
				CLANG_CXX_LIBRARY = "libc++";
				CLANG_ENABLE_MODULES = YES;
				CLANG_ENABLE_OBJC_ARC = YES;
				CLANG_WARN_BOOL_CONVERSION = YES;
				CLANG_WARN_CONSTANT_CONVERSION = YES;
				CLANG_WARN_DIRECT_OBJC_ISA_USAGE = YES_ERROR;
				CLANG_WARN_DOCUMENTATION_COMMENTS = YES;
				CLANG_WARN_EMPTY_BODY = YES;
				CLANG_WARN_ENUM_CONVERSION = YES;
				CLANG_WARN_INFINITE_RECURSION = YES;
				CLANG_WARN_INT_CONVERSION = YES;
				CLANG_WARN_OBJC_ROOT_CLASS = YES_ERROR;
				CLANG_WARN_SUSPICIOUS_MOVE = YES;
				CLANG_WARN_UNREACHABLE_CODE = YES;
				CLANG_WARN__DUPLICATE_METHOD_MATCH = YES;
				CODE_SIGN_IDENTITY = "-";
				COPY_PHASE_STRIP = NO;
				DEBUG_INFORMATION_FORMAT = dwarf;
				ENABLE_STRICT_OBJC_MSGSEND = YES;
				ENABLE_TESTABILITY = YES;
				GCC_C_LANGUAGE_STANDARD = gnu99;
				GCC_DYNAMIC_NO_PIC = NO;
				GCC_NO_COMMON_BLOCKS = YES;
				GCC_OPTIMIZATION_LEVEL = 0;
				GCC_PREPROCESSOR_DEFINITIONS = (
					"DEBUG=1",
					"$(inherited)",
				);
				GCC_WARN_64_TO_32_BIT_CONVERSION = YES;
				GCC_WARN_ABOUT_RETURN_TYPE = YES_ERROR;
				GCC_WARN_UNDECLARED_SELECTOR = YES;
				GCC_WARN_UNINITIALIZED_AUTOS = YES_AGGRESSIVE;
				GCC_WARN_UNUSED_FUNCTION = YES;
				GCC_WARN_UNUSED_VARIABLE = YES;
				MACOSX_DEPLOYMENT_TARGET = 10.12;
				MTL_ENABLE_DEBUG_INFO = YES;
				ONLY_ACTIVE_ARCH = YES;
				SDKROOT = macosx;
			};
			name = Debug;
		};
		37E8D1C31ED0355F004E36B9 /* Release */ = {
			isa = XCBuildConfiguration;
			buildSettings = {
				ALWAYS_SEARCH_USER_PATHS = NO;
				CLANG_ANALYZER_NONNULL = YES;
				CLANG_ANALYZER_NUMBER_OBJECT_CONVERSION = YES_AGGRESSIVE;
				CLANG_CXX_LANGUAGE_STANDARD = "gnu++0x";
				CLANG_CXX_LIBRARY = "libc++";
				CLANG_ENABLE_MODULES = YES;
				CLANG_ENABLE_OBJC_ARC = YES;
				CLANG_WARN_BOOL_CONVERSION = YES;
				CLANG_WARN_CONSTANT_CONVERSION = YES;
				CLANG_WARN_DIRECT_OBJC_ISA_USAGE = YES_ERROR;
				CLANG_WARN_DOCUMENTATION_COMMENTS = YES;
				CLANG_WARN_EMPTY_BODY = YES;
				CLANG_WARN_ENUM_CONVERSION = YES;
				CLANG_WARN_INFINITE_RECURSION = YES;
				CLANG_WARN_INT_CONVERSION = YES;
				CLANG_WARN_OBJC_ROOT_CLASS = YES_ERROR;
				CLANG_WARN_SUSPICIOUS_MOVE = YES;
				CLANG_WARN_UNREACHABLE_CODE = YES;
				CLANG_WARN__DUPLICATE_METHOD_MATCH = YES;
				CODE_SIGN_IDENTITY = "-";
				COPY_PHASE_STRIP = NO;
				DEBUG_INFORMATION_FORMAT = "dwarf-with-dsym";
				ENABLE_NS_ASSERTIONS = NO;
				ENABLE_STRICT_OBJC_MSGSEND = YES;
				GCC_C_LANGUAGE_STANDARD = gnu99;
				GCC_NO_COMMON_BLOCKS = YES;
				GCC_WARN_64_TO_32_BIT_CONVERSION = YES;
				GCC_WARN_ABOUT_RETURN_TYPE = YES_ERROR;
				GCC_WARN_UNDECLARED_SELECTOR = YES;
				GCC_WARN_UNINITIALIZED_AUTOS = YES_AGGRESSIVE;
				GCC_WARN_UNUSED_FUNCTION = YES;
				GCC_WARN_UNUSED_VARIABLE = YES;
				MACOSX_DEPLOYMENT_TARGET = 10.12;
				MTL_ENABLE_DEBUG_INFO = NO;
				SDKROOT = macosx;
			};
			name = Release;
		};
		37E8D1C51ED0355F004E36B9 /* Debug */ = {
			isa = XCBuildConfiguration;
			buildSettings = {
				PRODUCT_NAME = "$(TARGET_NAME)";
			};
			name = Debug;
		};
		37E8D1C61ED0355F004E36B9 /* Release */ = {
			isa = XCBuildConfiguration;
			buildSettings = {
				PRODUCT_NAME = "$(TARGET_NAME)";
			};
			name = Release;
		};
/* End XCBuildConfiguration section */

/* Begin XCConfigurationList section */
		37E8D1B81ED0355F004E36B9 /* Build configuration list for PBXProject "MiniSQL" */ = {
			isa = XCConfigurationList;
			buildConfigurations = (
				37E8D1C21ED0355F004E36B9 /* Debug */,
				37E8D1C31ED0355F004E36B9 /* Release */,
			);
			defaultConfigurationIsVisible = 0;
			defaultConfigurationName = Release;
		};
		37E8D1C41ED0355F004E36B9 /* Build configuration list for PBXNativeTarget "MiniSQL" */ = {
			isa = XCConfigurationList;
			buildConfigurations = (
				37E8D1C51ED0355F004E36B9 /* Debug */,
				37E8D1C61ED0355F004E36B9 /* Release */,
			);
			defaultConfigurationIsVisible = 0;
			defaultConfigurationName = Release;
		};
/* End XCConfigurationList section */
	};
	rootObject = 37E8D1B51ED0355F004E36B9 /* Project object */;
}
